
Microsoft Visual Studio Solution File, Format Version 12.00
# Visual Studio Version 17
VisualStudioVersion = 17.6.33815.320
MinimumVisualStudioVersion = 10.0.40219.1
Project("{9A19103F-16F7-4668-BE54-9A1E7A4F7556}") = "Echoes_v0.1", "Echoes_v0.1\Echoes_v0.1.csproj", "{A2EF497E-8826-45B2-B52D-74CD6D33C409}"
EndProject
Project("{FAE04EC0-301F-11D3-BF4B-00C04F79EFBC}") = "Echoesv2", "Echoesv2\Echoesv2.csproj", "{96F65C3F-DD06-4118-B17D-D7DC4959EB3A}"
EndProject
Global
	GlobalSection(SolutionConfigurationPlatforms) = preSolution
		Debug|Any CPU = Debug|Any CPU
		Release|Any CPU = Release|Any CPU
	EndGlobalSection
	GlobalSection(ProjectConfigurationPlatforms) = postSolution
		{A2EF497E-8826-45B2-B52D-74CD6D33C409}.Debug|Any CPU.ActiveCfg = Debug|Any CPU
		{A2EF497E-8826-45B2-B52D-74CD6D33C409}.Debug|Any CPU.Build.0 = Debug|Any CPU
		{A2EF497E-8826-45B2-B52D-74CD6D33C409}.Release|Any CPU.ActiveCfg = Release|Any CPU
		{A2EF497E-8826-45B2-B52D-74CD6D33C409}.Release|Any CPU.Build.0 = Release|Any CPU
		{96F65C3F-DD06-4118-B17D-D7DC4959EB3A}.Debug|Any CPU.ActiveCfg = Debug|Any CPU
		{96F65C3F-DD06-4118-B17D-D7DC4959EB3A}.Debug|Any CPU.Build.0 = Debug|Any CPU
		{96F65C3F-DD06-4118-B17D-D7DC4959EB3A}.Release|Any CPU.ActiveCfg = Release|Any CPU
		{96F65C3F-DD06-4118-B17D-D7DC4959EB3A}.Release|Any CPU.Build.0 = Release|Any CPU
	EndGlobalSection
	GlobalSection(SolutionProperties) = preSolution
		HideSolutionNode = FALSE
	EndGlobalSection
	GlobalSection(ExtensibilityGlobals) = postSolution
		SolutionGuid = {E8312169-AF5A-49DE-9350-3A6AD4E97C31}
	EndGlobalSection
EndGlobal
